
Microsoft Visual Studio Solution File, Format Version 12.00
# Visual Studio Version 16
VisualStudioVersion = 16.0.30002.166
MinimumVisualStudioVersion = 10.0.40219.1
Project("{FAE04EC0-301F-11D3-BF4B-00C04F79EFBC}") = "WebApplicationTest", "WebApplicationTest\WebApplicationTest.csproj", "{24BF2ADF-EFAD-4DF0-A39D-BB260870A3FC}"
EndProject
Global
	GlobalSection(SolutionConfigurationPlatforms) = preSolution
		Debug|Any CPU = Debug|Any CPU
		Release|Any CPU = Release|Any CPU
	EndGlobalSection
	GlobalSection(ProjectConfigurationPlatforms) = postSolution
		{24BF2ADF-EFAD-4DF0-A39D-BB260870A3FC}.Debug|Any CPU.ActiveCfg = Debug|Any CPU
		{24BF2ADF-EFAD-4DF0-A39D-BB260870A3FC}.Debug|Any CPU.Build.0 = Debug|Any CPU
		{24BF2ADF-EFAD-4DF0-A39D-BB260870A3FC}.Release|Any CPU.ActiveCfg = Release|Any CPU
		{24BF2ADF-EFAD-4DF0-A39D-BB260870A3FC}.Release|Any CPU.Build.0 = Release|Any CPU
	EndGlobalSection
	GlobalSection(SolutionProperties) = preSolution
		HideSolutionNode = FALSE
	EndGlobalSection
	GlobalSection(ExtensibilityGlobals) = postSolution
		SolutionGuid = {9FB1525B-301C-455C-BA6E-DAEEA07C04C2}
	EndGlobalSection
EndGlobal
