
Microsoft Visual Studio Solution File, Format Version 12.00
# Visual Studio Version 16
VisualStudioVersion = 16.0.30002.166
MinimumVisualStudioVersion = 10.0.40219.1
Project("{FAE04EC0-301F-11D3-BF4B-00C04F79EFBC}") = "BlazorOnServerDemo", "BlazorOnServerDemo\BlazorOnServerDemo.csproj", "{4701B83D-8E1A-4C80-99F7-D7A9D512F315}"
EndProject
Global
	GlobalSection(SolutionConfigurationPlatforms) = preSolution
		Debug|Any CPU = Debug|Any CPU
		Release|Any CPU = Release|Any CPU
	EndGlobalSection
	GlobalSection(ProjectConfigurationPlatforms) = postSolution
		{4701B83D-8E1A-4C80-99F7-D7A9D512F315}.Debug|Any CPU.ActiveCfg = Debug|Any CPU
		{4701B83D-8E1A-4C80-99F7-D7A9D512F315}.Debug|Any CPU.Build.0 = Debug|Any CPU
		{4701B83D-8E1A-4C80-99F7-D7A9D512F315}.Release|Any CPU.ActiveCfg = Release|Any CPU
		{4701B83D-8E1A-4C80-99F7-D7A9D512F315}.Release|Any CPU.Build.0 = Release|Any CPU
	EndGlobalSection
	GlobalSection(SolutionProperties) = preSolution
		HideSolutionNode = FALSE
	EndGlobalSection
	GlobalSection(ExtensibilityGlobals) = postSolution
		SolutionGuid = {FD592F7E-43C8-4191-B9E5-9C9B3FB72CC5}
	EndGlobalSection
EndGlobal
