
Microsoft Visual Studio Solution File, Format Version 12.00
# Visual Studio Version 16
VisualStudioVersion = 16.0.29905.134
MinimumVisualStudioVersion = 10.0.40219.1
Project("{FAE04EC0-301F-11D3-BF4B-00C04F79EFBC}") = "ApiDemo", "ApiDemo\ApiDemo.csproj", "{0DB7A0BB-C849-4772-9580-FF0CA37F86C0}"
EndProject
Global
	GlobalSection(SolutionConfigurationPlatforms) = preSolution
		Debug|Any CPU = Debug|Any CPU
		Release|Any CPU = Release|Any CPU
	EndGlobalSection
	GlobalSection(ProjectConfigurationPlatforms) = postSolution
		{0DB7A0BB-C849-4772-9580-FF0CA37F86C0}.Debug|Any CPU.ActiveCfg = Debug|Any CPU
		{0DB7A0BB-C849-4772-9580-FF0CA37F86C0}.Debug|Any CPU.Build.0 = Debug|Any CPU
		{0DB7A0BB-C849-4772-9580-FF0CA37F86C0}.Release|Any CPU.ActiveCfg = Release|Any CPU
		{0DB7A0BB-C849-4772-9580-FF0CA37F86C0}.Release|Any CPU.Build.0 = Release|Any CPU
	EndGlobalSection
	GlobalSection(SolutionProperties) = preSolution
		HideSolutionNode = FALSE
	EndGlobalSection
	GlobalSection(ExtensibilityGlobals) = postSolution
		SolutionGuid = {7D37C79E-D882-4B8D-9AFD-41D7EE869B48}
	EndGlobalSection
EndGlobal
