
Microsoft Visual Studio Solution File, Format Version 12.00
# Visual Studio Version 16
VisualStudioVersion = 16.0.29905.134
MinimumVisualStudioVersion = 10.0.40219.1
Project("{FAE04EC0-301F-11D3-BF4B-00C04F79EFBC}") = "ReactRedux", "ReactRedux\ReactRedux.csproj", "{7FC8EEF1-745B-4BFA-A346-DA8C190895EF}"
EndProject
Global
	GlobalSection(SolutionConfigurationPlatforms) = preSolution
		Debug|Any CPU = Debug|Any CPU
		Release|Any CPU = Release|Any CPU
	EndGlobalSection
	GlobalSection(ProjectConfigurationPlatforms) = postSolution
		{7FC8EEF1-745B-4BFA-A346-DA8C190895EF}.Debug|Any CPU.ActiveCfg = Debug|Any CPU
		{7FC8EEF1-745B-4BFA-A346-DA8C190895EF}.Debug|Any CPU.Build.0 = Debug|Any CPU
		{7FC8EEF1-745B-4BFA-A346-DA8C190895EF}.Release|Any CPU.ActiveCfg = Release|Any CPU
		{7FC8EEF1-745B-4BFA-A346-DA8C190895EF}.Release|Any CPU.Build.0 = Release|Any CPU
	EndGlobalSection
	GlobalSection(SolutionProperties) = preSolution
		HideSolutionNode = FALSE
	EndGlobalSection
	GlobalSection(ExtensibilityGlobals) = postSolution
		SolutionGuid = {BF8120EB-595E-44E6-A242-44A0B8D90BE3}
	EndGlobalSection
EndGlobal
